
Microsoft Visual Studio Solution File, Format Version 12.00
# Visual Studio Version 17
VisualStudioVersion = 17.14.36414.22 d17.14
MinimumVisualStudioVersion = 10.0.40219.1
Project("{FAE04EC0-301F-11D3-BF4B-00C04F79EFBC}") = "PointsBet_Backend_Online_Code_Test", "PointsBet_Backend_Online_Code_Test.csproj", "{B07ED73F-91BE-4D16-A0D8-97BDD612E109}"
EndProject
Global
	GlobalSection(SolutionConfigurationPlatforms) = preSolution
		Debug|Any CPU = Debug|Any CPU
		Release|Any CPU = Release|Any CPU
	EndGlobalSection
	GlobalSection(ProjectConfigurationPlatforms) = postSolution
		{B07ED73F-91BE-4D16-A0D8-97BDD612E109}.Debug|Any CPU.ActiveCfg = Debug|Any CPU
		{B07ED73F-91BE-4D16-A0D8-97BDD612E109}.Debug|Any CPU.Build.0 = Debug|Any CPU
		{B07ED73F-91BE-4D16-A0D8-97BDD612E109}.Release|Any CPU.ActiveCfg = Release|Any CPU
		{B07ED73F-91BE-4D16-A0D8-97BDD612E109}.Release|Any CPU.Build.0 = Release|Any CPU
	EndGlobalSection
	GlobalSection(SolutionProperties) = preSolution
		HideSolutionNode = FALSE
	EndGlobalSection
	GlobalSection(ExtensibilityGlobals) = postSolution
		SolutionGuid = {E15BFF82-1186-4FE5-951C-85459000F94E}
	EndGlobalSection
EndGlobal
